
Microsoft Visual Studio Solution File, Format Version 12.00
# Visual Studio 15
VisualStudioVersion = 15.0.28307.168
MinimumVisualStudioVersion = 10.0.40219.1
Project("{FAE04EC0-301F-11D3-BF4B-00C04F79EFBC}") = "LINQ_In_Manhattan", "LINQ_In_Manhattan\LINQ_In_Manhattan.csproj", "{EFE9876F-0A95-4390-B59C-5F21487C1C5A}"
EndProject
Project("{FAE04EC0-301F-11D3-BF4B-00C04F79EFBC}") = "LINQUnitTests", "LINQUnitTests\LINQUnitTests.csproj", "{DFBC3FC3-11A9-4124-95B7-F57EBAE365D9}"
EndProject
Global
	GlobalSection(SolutionConfigurationPlatforms) = preSolution
		Debug|Any CPU = Debug|Any CPU
		Release|Any CPU = Release|Any CPU
	EndGlobalSection
	GlobalSection(ProjectConfigurationPlatforms) = postSolution
		{EFE9876F-0A95-4390-B59C-5F21487C1C5A}.Debug|Any CPU.ActiveCfg = Debug|Any CPU
		{EFE9876F-0A95-4390-B59C-5F21487C1C5A}.Debug|Any CPU.Build.0 = Debug|Any CPU
		{EFE9876F-0A95-4390-B59C-5F21487C1C5A}.Release|Any CPU.ActiveCfg = Release|Any CPU
		{EFE9876F-0A95-4390-B59C-5F21487C1C5A}.Release|Any CPU.Build.0 = Release|Any CPU
		{DFBC3FC3-11A9-4124-95B7-F57EBAE365D9}.Debug|Any CPU.ActiveCfg = Debug|Any CPU
		{DFBC3FC3-11A9-4124-95B7-F57EBAE365D9}.Debug|Any CPU.Build.0 = Debug|Any CPU
		{DFBC3FC3-11A9-4124-95B7-F57EBAE365D9}.Release|Any CPU.ActiveCfg = Release|Any CPU
		{DFBC3FC3-11A9-4124-95B7-F57EBAE365D9}.Release|Any CPU.Build.0 = Release|Any CPU
	EndGlobalSection
	GlobalSection(SolutionProperties) = preSolution
		HideSolutionNode = FALSE
	EndGlobalSection
	GlobalSection(ExtensibilityGlobals) = postSolution
		SolutionGuid = {83477E8E-F8B8-4E56-82B9-C9FCAFCCFC60}
	EndGlobalSection
EndGlobal
